// !$*UTF8*$!
{
	archiveVersion = 1;
	classes = {
	};
	objectVersion = 50;
	objects = {

/* Begin PBXBuildFile section */
		DF05920926FAAA0F00CDC464 /* AppDelegate.swift in Sources */ = {isa = PBXBuildFile; fileRef = DF05920826FAAA0F00CDC464 /* AppDelegate.swift */; };
		DF05920B26FAAA0F00CDC464 /* SceneDelegate.swift in Sources */ = {isa = PBXBuildFile; fileRef = DF05920A26FAAA0F00CDC464 /* SceneDelegate.swift */; };
		DF05920D26FAAA0F00CDC464 /* ViewController.swift in Sources */ = {isa = PBXBuildFile; fileRef = DF05920C26FAAA0F00CDC464 /* ViewController.swift */; };
		DF05921026FAAA0F00CDC464 /* Main.storyboard in Resources */ = {isa = PBXBuildFile; fileRef = DF05920E26FAAA0F00CDC464 /* Main.storyboard */; };
		DF05921226FAAA1100CDC464 /* Assets.xcassets in Resources */ = {isa = PBXBuildFile; fileRef = DF05921126FAAA1100CDC464 /* Assets.xcassets */; };
		DF05921526FAAA1100CDC464 /* LaunchScreen.storyboard in Resources */ = {isa = PBXBuildFile; fileRef = DF05921326FAAA1100CDC464 /* LaunchScreen.storyboard */; };
		DF05922026FAAA1100CDC464 /* Swapi_AppTests.swift in Sources */ = {isa = PBXBuildFile; fileRef = DF05921F26FAAA1100CDC464 /* Swapi_AppTests.swift */; };
		DF05922B26FAAA1100CDC464 /* Swapi_AppUITests.swift in Sources */ = {isa = PBXBuildFile; fileRef = DF05922A26FAAA1100CDC464 /* Swapi_AppUITests.swift */; };
/* End PBXBuildFile section */

/* Begin PBXContainerItemProxy section */
		DF05921C26FAAA1100CDC464 /* PBXContainerItemProxy */ = {
			isa = PBXContainerItemProxy;
			containerPortal = DF0591FD26FAAA0F00CDC464 /* Project object */;
			proxyType = 1;
			remoteGlobalIDString = DF05920426FAAA0F00CDC464;
			remoteInfo = "Swapi App";
		};
		DF05922726FAAA1100CDC464 /* PBXContainerItemProxy */ = {
			isa = PBXContainerItemProxy;
			containerPortal = DF0591FD26FAAA0F00CDC464 /* Project object */;
			proxyType = 1;
			remoteGlobalIDString = DF05920426FAAA0F00CDC464;
			remoteInfo = "Swapi App";
		};
/* End PBXContainerItemProxy section */

/* Begin PBXFileReference section */
		DF05920526FAAA0F00CDC464 /* Swapi App.app */ = {isa = PBXFileReference; explicitFileType = wrapper.application; includeInIndex = 0; path = "Swapi App.app"; sourceTree = BUILT_PRODUCTS_DIR; };
		DF05920826FAAA0F00CDC464 /* AppDelegate.swift */ = {isa = PBXFileReference; lastKnownFileType = sourcecode.swift; path = AppDelegate.swift; sourceTree = "<group>"; };
		DF05920A26FAAA0F00CDC464 /* SceneDelegate.swift */ = {isa = PBXFileReference; lastKnownFileType = sourcecode.swift; path = SceneDelegate.swift; sourceTree = "<group>"; };
		DF05920C26FAAA0F00CDC464 /* ViewController.swift */ = {isa = PBXFileReference; lastKnownFileType = sourcecode.swift; path = ViewController.swift; sourceTree = "<group>"; };
		DF05920F26FAAA0F00CDC464 /* Base */ = {isa = PBXFileReference; lastKnownFileType = file.storyboard; name = Base; path = Base.lproj/Main.storyboard; sourceTree = "<group>"; };
		DF05921126FAAA1100CDC464 /* Assets.xcassets */ = {isa = PBXFileReference; lastKnownFileType = folder.assetcatalog; path = Assets.xcassets; sourceTree = "<group>"; };
		DF05921426FAAA1100CDC464 /* Base */ = {isa = PBXFileReference; lastKnownFileType = file.storyboard; name = Base; path = Base.lproj/LaunchScreen.storyboard; sourceTree = "<group>"; };
		DF05921626FAAA1100CDC464 /* Info.plist */ = {isa = PBXFileReference; lastKnownFileType = text.plist.xml; path = Info.plist; sourceTree = "<group>"; };
		DF05921B26FAAA1100CDC464 /* Swapi AppTests.xctest */ = {isa = PBXFileReference; explicitFileType = wrapper.cfbundle; includeInIndex = 0; path = "Swapi AppTests.xctest"; sourceTree = BUILT_PRODUCTS_DIR; };
		DF05921F26FAAA1100CDC464 /* Swapi_AppTests.swift */ = {isa = PBXFileReference; lastKnownFileType = sourcecode.swift; path = Swapi_AppTests.swift; sourceTree = "<group>"; };
		DF05922126FAAA1100CDC464 /* Info.plist */ = {isa = PBXFileReference; lastKnownFileType = text.plist.xml; path = Info.plist; sourceTree = "<group>"; };
		DF05922626FAAA1100CDC464 /* Swapi AppUITests.xctest */ = {isa = PBXFileReference; explicitFileType = wrapper.cfbundle; includeInIndex = 0; path = "Swapi AppUITests.xctest"; sourceTree = BUILT_PRODUCTS_DIR; };
		DF05922A26FAAA1100CDC464 /* Swapi_AppUITests.swift */ = {isa = PBXFileReference; lastKnownFileType = sourcecode.swift; path = Swapi_AppUITests.swift; sourceTree = "<group>"; };
		DF05922C26FAAA1100CDC464 /* Info.plist */ = {isa = PBXFileReference; lastKnownFileType = text.plist.xml; path = Info.plist; sourceTree = "<group>"; };
/* End PBXFileReference section */

/* Begin PBXFrameworksBuildPhase section */
		DF05920226FAAA0F00CDC464 /* Frameworks */ = {
			isa = PBXFrameworksBuildPhase;
			buildActionMask = 2147483647;
			files = (
			);
			runOnlyForDeploymentPostprocessing = 0;
		};
		DF05921826FAAA1100CDC464 /* Frameworks */ = {
			isa = PBXFrameworksBuildPhase;
			buildActionMask = 2147483647;
			files = (
			);
			runOnlyForDeploymentPostprocessing = 0;
		};
		DF05922326FAAA1100CDC464 /* Frameworks */ = {
			isa = PBXFrameworksBuildPhase;
			buildActionMask = 2147483647;
			files = (
			);
			runOnlyForDeploymentPostprocessing = 0;
		};
/* End PBXFrameworksBuildPhase section */

/* Begin PBXGroup section */
		DF0591FC26FAAA0F00CDC464 = {
			isa = PBXGroup;
			children = (
				DF05920726FAAA0F00CDC464 /* Swapi App */,
				DF05921E26FAAA1100CDC464 /* Swapi AppTests */,
				DF05922926FAAA1100CDC464 /* Swapi AppUITests */,
				DF05920626FAAA0F00CDC464 /* Products */,
			);
			sourceTree = "<group>";
		};
		DF05920626FAAA0F00CDC464 /* Products */ = {
			isa = PBXGroup;
			children = (
				DF05920526FAAA0F00CDC464 /* Swapi App.app */,
				DF05921B26FAAA1100CDC464 /* Swapi AppTests.xctest */,
				DF05922626FAAA1100CDC464 /* Swapi AppUITests.xctest */,
			);
			name = Products;
			sourceTree = "<group>";
		};
		DF05920726FAAA0F00CDC464 /* Swapi App */ = {
			isa = PBXGroup;
			children = (
				DF05920826FAAA0F00CDC464 /* AppDelegate.swift */,
				DF05920A26FAAA0F00CDC464 /* SceneDelegate.swift */,
				DF05920C26FAAA0F00CDC464 /* ViewController.swift */,
				DF05920E26FAAA0F00CDC464 /* Main.storyboard */,
				DF05921126FAAA1100CDC464 /* Assets.xcassets */,
				DF05921326FAAA1100CDC464 /* LaunchScreen.storyboard */,
				DF05921626FAAA1100CDC464 /* Info.plist */,
			);
			path = "Swapi App";
			sourceTree = "<group>";
		};
		DF05921E26FAAA1100CDC464 /* Swapi AppTests */ = {
			isa = PBXGroup;
			children = (
				DF05921F26FAAA1100CDC464 /* Swapi_AppTests.swift */,
				DF05922126FAAA1100CDC464 /* Info.plist */,
			);
			path = "Swapi AppTests";
			sourceTree = "<group>";
		};
		DF05922926FAAA1100CDC464 /* Swapi AppUITests */ = {
			isa = PBXGroup;
			children = (
				DF05922A26FAAA1100CDC464 /* Swapi_AppUITests.swift */,
				DF05922C26FAAA1100CDC464 /* Info.plist */,
			);
			path = "Swapi AppUITests";
			sourceTree = "<group>";
		};
/* End PBXGroup section */

/* Begin PBXNativeTarget section */
		DF05920426FAAA0F00CDC464 /* Swapi App */ = {
			isa = PBXNativeTarget;
			buildConfigurationList = DF05922F26FAAA1100CDC464 /* Build configuration list for PBXNativeTarget "Swapi App" */;
			buildPhases = (
				DF05920126FAAA0F00CDC464 /* Sources */,
				DF05920226FAAA0F00CDC464 /* Frameworks */,
				DF05920326FAAA0F00CDC464 /* Resources */,
			);
			buildRules = (
			);
			dependencies = (
			);
			name = "Swapi App";
			productName = "Swapi App";
			productReference = DF05920526FAAA0F00CDC464 /* Swapi App.app */;
			productType = "com.apple.product-type.application";
		};
		DF05921A26FAAA1100CDC464 /* Swapi AppTests */ = {
			isa = PBXNativeTarget;
			buildConfigurationList = DF05923226FAAA1100CDC464 /* Build configuration list for PBXNativeTarget "Swapi AppTests" */;
			buildPhases = (
				DF05921726FAAA1100CDC464 /* Sources */,
				DF05921826FAAA1100CDC464 /* Frameworks */,
				DF05921926FAAA1100CDC464 /* Resources */,
			);
			buildRules = (
			);
			dependencies = (
				DF05921D26FAAA1100CDC464 /* PBXTargetDependency */,
			);
			name = "Swapi AppTests";
			productName = "Swapi AppTests";
			productReference = DF05921B26FAAA1100CDC464 /* Swapi AppTests.xctest */;
			productType = "com.apple.product-type.bundle.unit-test";
		};
		DF05922526FAAA1100CDC464 /* Swapi AppUITests */ = {
			isa = PBXNativeTarget;
			buildConfigurationList = DF05923526FAAA1100CDC464 /* Build configuration list for PBXNativeTarget "Swapi AppUITests" */;
			buildPhases = (
				DF05922226FAAA1100CDC464 /* Sources */,
				DF05922326FAAA1100CDC464 /* Frameworks */,
				DF05922426FAAA1100CDC464 /* Resources */,
			);
			buildRules = (
			);
			dependencies = (
				DF05922826FAAA1100CDC464 /* PBXTargetDependency */,
			);
			name = "Swapi AppUITests";
			productName = "Swapi AppUITests";
			productReference = DF05922626FAAA1100CDC464 /* Swapi AppUITests.xctest */;
			productType = "com.apple.product-type.bundle.ui-testing";
		};
/* End PBXNativeTarget section */

/* Begin PBXProject section */
		DF0591FD26FAAA0F00CDC464 /* Project object */ = {
			isa = PBXProject;
			attributes = {
				LastSwiftUpdateCheck = 1250;
				LastUpgradeCheck = 1250;
				TargetAttributes = {
					DF05920426FAAA0F00CDC464 = {
						CreatedOnToolsVersion = 12.5.1;
					};
					DF05921A26FAAA1100CDC464 = {
						CreatedOnToolsVersion = 12.5.1;
						TestTargetID = DF05920426FAAA0F00CDC464;
					};
					DF05922526FAAA1100CDC464 = {
						CreatedOnToolsVersion = 12.5.1;
						TestTargetID = DF05920426FAAA0F00CDC464;
					};
				};
			};
			buildConfigurationList = DF05920026FAAA0F00CDC464 /* Build configuration list for PBXProject "Swapi App" */;
			compatibilityVersion = "Xcode 9.3";
			developmentRegion = en;
			hasScannedForEncodings = 0;
			knownRegions = (
				en,
				Base,
			);
			mainGroup = DF0591FC26FAAA0F00CDC464;
			productRefGroup = DF05920626FAAA0F00CDC464 /* Products */;
			projectDirPath = "";
			projectRoot = "";
			targets = (
				DF05920426FAAA0F00CDC464 /* Swapi App */,
				DF05921A26FAAA1100CDC464 /* Swapi AppTests */,
				DF05922526FAAA1100CDC464 /* Swapi AppUITests */,
			);
		};
/* End PBXProject section */

/* Begin PBXResourcesBuildPhase section */
		DF05920326FAAA0F00CDC464 /* Resources */ = {
			isa = PBXResourcesBuildPhase;
			buildActionMask = 2147483647;
			files = (
				DF05921526FAAA1100CDC464 /* LaunchScreen.storyboard in Resources */,
				DF05921226FAAA1100CDC464 /* Assets.xcassets in Resources */,
				DF05921026FAAA0F00CDC464 /* Main.storyboard in Resources */,
			);
			runOnlyForDeploymentPostprocessing = 0;
		};
		DF05921926FAAA1100CDC464 /* Resources */ = {
			isa = PBXResourcesBuildPhase;
			buildActionMask = 2147483647;
			files = (
			);
			runOnlyForDeploymentPostprocessing = 0;
		};
		DF05922426FAAA1100CDC464 /* Resources */ = {
			isa = PBXResourcesBuildPhase;
			buildActionMask = 2147483647;
			files = (
			);
			runOnlyForDeploymentPostprocessing = 0;
		};
/* End PBXResourcesBuildPhase section */

/* Begin PBXSourcesBuildPhase section */
		DF05920126FAAA0F00CDC464 /* Sources */ = {
			isa = PBXSourcesBuildPhase;
			buildActionMask = 2147483647;
			files = (
				DF05920D26FAAA0F00CDC464 /* ViewController.swift in Sources */,
				DF05920926FAAA0F00CDC464 /* AppDelegate.swift in Sources */,
				DF05920B26FAAA0F00CDC464 /* SceneDelegate.swift in Sources */,
			);
			runOnlyForDeploymentPostprocessing = 0;
		};
		DF05921726FAAA1100CDC464 /* Sources */ = {
			isa = PBXSourcesBuildPhase;
			buildActionMask = 2147483647;
			files = (
				DF05922026FAAA1100CDC464 /* Swapi_AppTests.swift in Sources */,
			);
			runOnlyForDeploymentPostprocessing = 0;
		};
		DF05922226FAAA1100CDC464 /* Sources */ = {
			isa = PBXSourcesBuildPhase;
			buildActionMask = 2147483647;
			files = (
				DF05922B26FAAA1100CDC464 /* Swapi_AppUITests.swift in Sources */,
			);
			runOnlyForDeploymentPostprocessing = 0;
		};
/* End PBXSourcesBuildPhase section */

/* Begin PBXTargetDependency section */
		DF05921D26FAAA1100CDC464 /* PBXTargetDependency */ = {
			isa = PBXTargetDependency;
			target = DF05920426FAAA0F00CDC464 /* Swapi App */;
			targetProxy = DF05921C26FAAA1100CDC464 /* PBXContainerItemProxy */;
		};
		DF05922826FAAA1100CDC464 /* PBXTargetDependency */ = {
			isa = PBXTargetDependency;
			target = DF05920426FAAA0F00CDC464 /* Swapi App */;
			targetProxy = DF05922726FAAA1100CDC464 /* PBXContainerItemProxy */;
		};
/* End PBXTargetDependency section */

/* Begin PBXVariantGroup section */
		DF05920E26FAAA0F00CDC464 /* Main.storyboard */ = {
			isa = PBXVariantGroup;
			children = (
				DF05920F26FAAA0F00CDC464 /* Base */,
			);
			name = Main.storyboard;
			sourceTree = "<group>";
		};
		DF05921326FAAA1100CDC464 /* LaunchScreen.storyboard */ = {
			isa = PBXVariantGroup;
			children = (
				DF05921426FAAA1100CDC464 /* Base */,
			);
			name = LaunchScreen.storyboard;
			sourceTree = "<group>";
		};
/* End PBXVariantGroup section */

/* Begin XCBuildConfiguration section */
		DF05922D26FAAA1100CDC464 /* Debug */ = {
			isa = XCBuildConfiguration;
			buildSettings = {
				ALWAYS_SEARCH_USER_PATHS = NO;
				CLANG_ANALYZER_NONNULL = YES;
				CLANG_ANALYZER_NUMBER_OBJECT_CONVERSION = YES_AGGRESSIVE;
				CLANG_CXX_LANGUAGE_STANDARD = "gnu++14";
				CLANG_CXX_LIBRARY = "libc++";
				CLANG_ENABLE_MODULES = YES;
				CLANG_ENABLE_OBJC_ARC = YES;
				CLANG_ENABLE_OBJC_WEAK = YES;
				CLANG_WARN_BLOCK_CAPTURE_AUTORELEASING = YES;
				CLANG_WARN_BOOL_CONVERSION = YES;
				CLANG_WARN_COMMA = YES;
				CLANG_WARN_CONSTANT_CONVERSION = YES;
				CLANG_WARN_DEPRECATED_OBJC_IMPLEMENTATIONS = YES;
				CLANG_WARN_DIRECT_OBJC_ISA_USAGE = YES_ERROR;
				CLANG_WARN_DOCUMENTATION_COMMENTS = YES;
				CLANG_WARN_EMPTY_BODY = YES;
				CLANG_WARN_ENUM_CONVERSION = YES;
				CLANG_WARN_INFINITE_RECURSION = YES;
				CLANG_WARN_INT_CONVERSION = YES;
				CLANG_WARN_NON_LITERAL_NULL_CONVERSION = YES;
				CLANG_WARN_OBJC_IMPLICIT_RETAIN_SELF = YES;
				CLANG_WARN_OBJC_LITERAL_CONVERSION = YES;
				CLANG_WARN_OBJC_ROOT_CLASS = YES_ERROR;
				CLANG_WARN_QUOTED_INCLUDE_IN_FRAMEWORK_HEADER = YES;
				CLANG_WARN_RANGE_LOOP_ANALYSIS = YES;
				CLANG_WARN_STRICT_PROTOTYPES = YES;
				CLANG_WARN_SUSPICIOUS_MOVE = YES;
				CLANG_WARN_UNGUARDED_AVAILABILITY = YES_AGGRESSIVE;
				CLANG_WARN_UNREACHABLE_CODE = YES;
				CLANG_WARN__DUPLICATE_METHOD_MATCH = YES;
				COPY_PHASE_STRIP = NO;
				DEBUG_INFORMATION_FORMAT = dwarf;
				ENABLE_STRICT_OBJC_MSGSEND = YES;
				ENABLE_TESTABILITY = YES;
				GCC_C_LANGUAGE_STANDARD = gnu11;
				GCC_DYNAMIC_NO_PIC = NO;
				GCC_NO_COMMON_BLOCKS = YES;
				GCC_OPTIMIZATION_LEVEL = 0;
				GCC_PREPROCESSOR_DEFINITIONS = (
					"DEBUG=1",
					"$(inherited)",
				);
				GCC_WARN_64_TO_32_BIT_CONVERSION = YES;
				GCC_WARN_ABOUT_RETURN_TYPE = YES_ERROR;
				GCC_WARN_UNDECLARED_SELECTOR = YES;
				GCC_WARN_UNINITIALIZED_AUTOS = YES_AGGRESSIVE;
				GCC_WARN_UNUSED_FUNCTION = YES;
				GCC_WARN_UNUSED_VARIABLE = YES;
				IPHONEOS_DEPLOYMENT_TARGET = 14.5;
				MTL_ENABLE_DEBUG_INFO = INCLUDE_SOURCE;
				MTL_FAST_MATH = YES;
				ONLY_ACTIVE_ARCH = YES;
				SDKROOT = iphoneos;
				SWIFT_ACTIVE_COMPILATION_CONDITIONS = DEBUG;
				SWIFT_OPTIMIZATION_LEVEL = "-Onone";
			};
			name = Debug;
		};
		DF05922E26FAAA1100CDC464 /* Release */ = {
			isa = XCBuildConfiguration;
			buildSettings = {
				ALWAYS_SEARCH_USER_PATHS = NO;
				CLANG_ANALYZER_NONNULL = YES;
				CLANG_ANALYZER_NUMBER_OBJECT_CONVERSION = YES_AGGRESSIVE;
				CLANG_CXX_LANGUAGE_STANDARD = "gnu++14";
				CLANG_CXX_LIBRARY = "libc++";
				CLANG_ENABLE_MODULES = YES;
				CLANG_ENABLE_OBJC_ARC = YES;
				CLANG_ENABLE_OBJC_WEAK = YES;
				CLANG_WARN_BLOCK_CAPTURE_AUTORELEASING = YES;
				CLANG_WARN_BOOL_CONVERSION = YES;
				CLANG_WARN_COMMA = YES;
				CLANG_WARN_CONSTANT_CONVERSION = YES;
				CLANG_WARN_DEPRECATED_OBJC_IMPLEMENTATIONS = YES;
				CLANG_WARN_DIRECT_OBJC_ISA_USAGE = YES_ERROR;
				CLANG_WARN_DOCUMENTATION_COMMENTS = YES;
				CLANG_WARN_EMPTY_BODY = YES;
				CLANG_WARN_ENUM_CONVERSION = YES;
				CLANG_WARN_INFINITE_RECURSION = YES;
				CLANG_WARN_INT_CONVERSION = YES;
				CLANG_WARN_NON_LITERAL_NULL_CONVERSION = YES;
				CLANG_WARN_OBJC_IMPLICIT_RETAIN_SELF = YES;
				CLANG_WARN_OBJC_LITERAL_CONVERSION = YES;
				CLANG_WARN_OBJC_ROOT_CLASS = YES_ERROR;
				CLANG_WARN_QUOTED_INCLUDE_IN_FRAMEWORK_HEADER = YES;
				CLANG_WARN_RANGE_LOOP_ANALYSIS = YES;
				CLANG_WARN_STRICT_PROTOTYPES = YES;
				CLANG_WARN_SUSPICIOUS_MOVE = YES;
				CLANG_WARN_UNGUARDED_AVAILABILITY = YES_AGGRESSIVE;
				CLANG_WARN_UNREACHABLE_CODE = YES;
				CLANG_WARN__DUPLICATE_METHOD_MATCH = YES;
				COPY_PHASE_STRIP = NO;
				DEBUG_INFORMATION_FORMAT = "dwarf-with-dsym";
				ENABLE_NS_ASSERTIONS = NO;
				ENABLE_STRICT_OBJC_MSGSEND = YES;
				GCC_C_LANGUAGE_STANDARD = gnu11;
				GCC_NO_COMMON_BLOCKS = YES;
				GCC_WARN_64_TO_32_BIT_CONVERSION = YES;
				GCC_WARN_ABOUT_RETURN_TYPE = YES_ERROR;
				GCC_WARN_UNDECLARED_SELECTOR = YES;
				GCC_WARN_UNINITIALIZED_AUTOS = YES_AGGRESSIVE;
				GCC_WARN_UNUSED_FUNCTION = YES;
				GCC_WARN_UNUSED_VARIABLE = YES;
				IPHONEOS_DEPLOYMENT_TARGET = 14.5;
				MTL_ENABLE_DEBUG_INFO = NO;
				MTL_FAST_MATH = YES;
				SDKROOT = iphoneos;
				SWIFT_COMPILATION_MODE = wholemodule;
				SWIFT_OPTIMIZATION_LEVEL = "-O";
				VALIDATE_PRODUCT = YES;
			};
			name = Release;
		};
		DF05923026FAAA1100CDC464 /* Debug */ = {
			isa = XCBuildConfiguration;
			buildSettings = {
				ASSETCATALOG_COMPILER_APPICON_NAME = AppIcon;
				ASSETCATALOG_COMPILER_GLOBAL_ACCENT_COLOR_NAME = AccentColor;
				CODE_SIGN_STYLE = Automatic;
				DEVELOPMENT_TEAM = T5923497L5;
				INFOPLIST_FILE = "Swapi App/Info.plist";
				LD_RUNPATH_SEARCH_PATHS = (
					"$(inherited)",
					"@executable_path/Frameworks",
				);
				PRODUCT_BUNDLE_IDENTIFIER = "dipika.Swapi-App";
				PRODUCT_NAME = "$(TARGET_NAME)";
				SWIFT_VERSION = 5.0;
				TARGETED_DEVICE_FAMILY = "1,2";
			};
			name = Debug;
		};
		DF05923126FAAA1100CDC464 /* Release */ = {
			isa = XCBuildConfiguration;
			buildSettings = {
				ASSETCATALOG_COMPILER_APPICON_NAME = AppIcon;
				ASSETCATALOG_COMPILER_GLOBAL_ACCENT_COLOR_NAME = AccentColor;
				CODE_SIGN_STYLE = Automatic;
				DEVELOPMENT_TEAM = T5923497L5;
				INFOPLIST_FILE = "Swapi App/Info.plist";
				LD_RUNPATH_SEARCH_PATHS = (
					"$(inherited)",
					"@executable_path/Frameworks",
				);
				PRODUCT_BUNDLE_IDENTIFIER = "dipika.Swapi-App";
				PRODUCT_NAME = "$(TARGET_NAME)";
				SWIFT_VERSION = 5.0;
				TARGETED_DEVICE_FAMILY = "1,2";
			};
			name = Release;
		};
		DF05923326FAAA1100CDC464 /* Debug */ = {
			isa = XCBuildConfiguration;
			buildSettings = {
				ALWAYS_EMBED_SWIFT_STANDARD_LIBRARIES = YES;
				BUNDLE_LOADER = "$(TEST_HOST)";
				CODE_SIGN_STYLE = Automatic;
				DEVELOPMENT_TEAM = T5923497L5;
				INFOPLIST_FILE = "Swapi AppTests/Info.plist";
				IPHONEOS_DEPLOYMENT_TARGET = 14.5;
				LD_RUNPATH_SEARCH_PATHS = (
					"$(inherited)",
					"@executable_path/Frameworks",
					"@loader_path/Frameworks",
				);
				PRODUCT_BUNDLE_IDENTIFIER = "dipika.Swapi-AppTests";
				PRODUCT_NAME = "$(TARGET_NAME)";
				SWIFT_VERSION = 5.0;
				TARGETED_DEVICE_FAMILY = "1,2";
				TEST_HOST = "$(BUILT_PRODUCTS_DIR)/Swapi App.app/Swapi App";
			};
			name = Debug;
		};
		DF05923426FAAA1100CDC464 /* Release */ = {
			isa = XCBuildConfiguration;
			buildSettings = {
				ALWAYS_EMBED_SWIFT_STANDARD_LIBRARIES = YES;
				BUNDLE_LOADER = "$(TEST_HOST)";
				CODE_SIGN_STYLE = Automatic;
				DEVELOPMENT_TEAM = T5923497L5;
				INFOPLIST_FILE = "Swapi AppTests/Info.plist";
				IPHONEOS_DEPLOYMENT_TARGET = 14.5;
				LD_RUNPATH_SEARCH_PATHS = (
					"$(inherited)",
					"@executable_path/Frameworks",
					"@loader_path/Frameworks",
				);
				PRODUCT_BUNDLE_IDENTIFIER = "dipika.Swapi-AppTests";
				PRODUCT_NAME = "$(TARGET_NAME)";
				SWIFT_VERSION = 5.0;
				TARGETED_DEVICE_FAMILY = "1,2";
				TEST_HOST = "$(BUILT_PRODUCTS_DIR)/Swapi App.app/Swapi App";
			};
			name = Release;
		};
		DF05923626FAAA1100CDC464 /* Debug */ = {
			isa = XCBuildConfiguration;
			buildSettings = {
				ALWAYS_EMBED_SWIFT_STANDARD_LIBRARIES = YES;
				CODE_SIGN_STYLE = Automatic;
				DEVELOPMENT_TEAM = T5923497L5;
				INFOPLIST_FILE = "Swapi AppUITests/Info.plist";
				LD_RUNPATH_SEARCH_PATHS = (
					"$(inherited)",
					"@executable_path/Frameworks",
					"@loader_path/Frameworks",
				);
				PRODUCT_BUNDLE_IDENTIFIER = "dipika.Swapi-AppUITests";
				PRODUCT_NAME = "$(TARGET_NAME)";
				SWIFT_VERSION = 5.0;
				TARGETED_DEVICE_FAMILY = "1,2";
				TEST_TARGET_NAME = "Swapi App";
			};
			name = Debug;
		};
		DF05923726FAAA1100CDC464 /* Release */ = {
			isa = XCBuildConfiguration;
			buildSettings = {
				ALWAYS_EMBED_SWIFT_STANDARD_LIBRARIES = YES;
				CODE_SIGN_STYLE = Automatic;
				DEVELOPMENT_TEAM = T5923497L5;
				INFOPLIST_FILE = "Swapi AppUITests/Info.plist";
				LD_RUNPATH_SEARCH_PATHS = (
					"$(inherited)",
					"@executable_path/Frameworks",
					"@loader_path/Frameworks",
				);
				PRODUCT_BUNDLE_IDENTIFIER = "dipika.Swapi-AppUITests";
				PRODUCT_NAME = "$(TARGET_NAME)";
				SWIFT_VERSION = 5.0;
				TARGETED_DEVICE_FAMILY = "1,2";
				TEST_TARGET_NAME = "Swapi App";
			};
			name = Release;
		};
/* End XCBuildConfiguration section */

/* Begin XCConfigurationList section */
		DF05920026FAAA0F00CDC464 /* Build configuration list for PBXProject "Swapi App" */ = {
			isa = XCConfigurationList;
			buildConfigurations = (
				DF05922D26FAAA1100CDC464 /* Debug */,
				DF05922E26FAAA1100CDC464 /* Release */,
			);
			defaultConfigurationIsVisible = 0;
			defaultConfigurationName = Release;
		};
		DF05922F26FAAA1100CDC464 /* Build configuration list for PBXNativeTarget "Swapi App" */ = {
			isa = XCConfigurationList;
			buildConfigurations = (
				DF05923026FAAA1100CDC464 /* Debug */,
				DF05923126FAAA1100CDC464 /* Release */,
			);
			defaultConfigurationIsVisible = 0;
			defaultConfigurationName = Release;
		};
		DF05923226FAAA1100CDC464 /* Build configuration list for PBXNativeTarget "Swapi AppTests" */ = {
			isa = XCConfigurationList;
			buildConfigurations = (
				DF05923326FAAA1100CDC464 /* Debug */,
				DF05923426FAAA1100CDC464 /* Release */,
			);
			defaultConfigurationIsVisible = 0;
			defaultConfigurationName = Release;
		};
		DF05923526FAAA1100CDC464 /* Build configuration list for PBXNativeTarget "Swapi AppUITests" */ = {
			isa = XCConfigurationList;
			buildConfigurations = (
				DF05923626FAAA1100CDC464 /* Debug */,
				DF05923726FAAA1100CDC464 /* Release */,
			);
			defaultConfigurationIsVisible = 0;
			defaultConfigurationName = Release;
		};
/* End XCConfigurationList section */
	};
	rootObject = DF0591FD26FAAA0F00CDC464 /* Project object */;
}
